
Microsoft Visual Studio Solution File, Format Version 11.00
# Visual Studio 2010
Project("{FAE04EC0-301F-11D3-BF4B-00C04F79EFBC}") = "NachoPlatformBinding", "NachoPlatformBinding\NachoPlatformBinding.csproj", "{70C6ECB5-6358-4DB8-915F-3ADC31C39E4E}"
EndProject
Project("{FAE04EC0-301F-11D3-BF4B-00C04F79EFBC}") = "NachoPlatformBinding.Android", "NachoPlatformBinding.Android\NachoPlatformBinding.Android.csproj", "{99266C8C-3B30-436D-83BB-88C3B54C1D02}"
EndProject
Global
	GlobalSection(SolutionConfigurationPlatforms) = preSolution
		Debug|Any CPU = Debug|Any CPU
		Release|Any CPU = Release|Any CPU
	EndGlobalSection
	GlobalSection(ProjectConfigurationPlatforms) = postSolution
		{70C6ECB5-6358-4DB8-915F-3ADC31C39E4E}.Debug|Any CPU.ActiveCfg = Debug|Any CPU
		{70C6ECB5-6358-4DB8-915F-3ADC31C39E4E}.Debug|Any CPU.Build.0 = Debug|Any CPU
		{70C6ECB5-6358-4DB8-915F-3ADC31C39E4E}.Release|Any CPU.ActiveCfg = Release|Any CPU
		{70C6ECB5-6358-4DB8-915F-3ADC31C39E4E}.Release|Any CPU.Build.0 = Release|Any CPU
		{99266C8C-3B30-436D-83BB-88C3B54C1D02}.Debug|Any CPU.ActiveCfg = Debug|Any CPU
		{99266C8C-3B30-436D-83BB-88C3B54C1D02}.Debug|Any CPU.Build.0 = Debug|Any CPU
		{99266C8C-3B30-436D-83BB-88C3B54C1D02}.Release|Any CPU.ActiveCfg = Release|Any CPU
		{99266C8C-3B30-436D-83BB-88C3B54C1D02}.Release|Any CPU.Build.0 = Release|Any CPU
	EndGlobalSection
	GlobalSection(MonoDevelopProperties) = preSolution
		StartupItem = NachoPlatformBinding\NachoPlatformBinding.csproj
	EndGlobalSection
EndGlobal
